
Microsoft Visual Studio Solution File, Format Version 12.00
# Visual Studio Version 16
VisualStudioVersion = 16.0.29920.165
MinimumVisualStudioVersion = 10.0.40219.1
Project("{9A19103F-16F7-4668-BE54-9A1E7A4F7556}") = "CreateClass", "CreateClass.csproj", "{4E92697D-D7A5-4AAC-8162-D56EE79B7EBA}"
EndProject
Global
	GlobalSection(SolutionConfigurationPlatforms) = preSolution
		Debug|Any CPU = Debug|Any CPU
		Release|Any CPU = Release|Any CPU
	EndGlobalSection
	GlobalSection(ProjectConfigurationPlatforms) = postSolution
		{4E92697D-D7A5-4AAC-8162-D56EE79B7EBA}.Debug|Any CPU.ActiveCfg = Debug|Any CPU
		{4E92697D-D7A5-4AAC-8162-D56EE79B7EBA}.Debug|Any CPU.Build.0 = Debug|Any CPU
		{4E92697D-D7A5-4AAC-8162-D56EE79B7EBA}.Release|Any CPU.ActiveCfg = Release|Any CPU
		{4E92697D-D7A5-4AAC-8162-D56EE79B7EBA}.Release|Any CPU.Build.0 = Release|Any CPU
	EndGlobalSection
	GlobalSection(SolutionProperties) = preSolution
		HideSolutionNode = FALSE
	EndGlobalSection
	GlobalSection(ExtensibilityGlobals) = postSolution
		SolutionGuid = {787ED74D-C0DF-4B98-94EA-A7A55EDF7A7E}
	EndGlobalSection
EndGlobal
