
Microsoft Visual Studio Solution File, Format Version 12.00
# Visual Studio Version 16
VisualStudioVersion = 16.0.29920.165
MinimumVisualStudioVersion = 10.0.40219.1
Project("{FAE04EC0-301F-11D3-BF4B-00C04F79EFBC}") = "TimerEvents", "TimerEvents\TimerEvents.csproj", "{0ECA32E8-A791-446D-A065-38BC8411F2BD}"
EndProject
Global
	GlobalSection(SolutionConfigurationPlatforms) = preSolution
		Debug|Any CPU = Debug|Any CPU
		Release|Any CPU = Release|Any CPU
	EndGlobalSection
	GlobalSection(ProjectConfigurationPlatforms) = postSolution
		{0ECA32E8-A791-446D-A065-38BC8411F2BD}.Debug|Any CPU.ActiveCfg = Debug|Any CPU
		{0ECA32E8-A791-446D-A065-38BC8411F2BD}.Debug|Any CPU.Build.0 = Debug|Any CPU
		{0ECA32E8-A791-446D-A065-38BC8411F2BD}.Release|Any CPU.ActiveCfg = Release|Any CPU
		{0ECA32E8-A791-446D-A065-38BC8411F2BD}.Release|Any CPU.Build.0 = Release|Any CPU
	EndGlobalSection
	GlobalSection(SolutionProperties) = preSolution
		HideSolutionNode = FALSE
	EndGlobalSection
	GlobalSection(ExtensibilityGlobals) = postSolution
		SolutionGuid = {C901459C-9A1B-40B2-8A4E-AEC5450BD367}
	EndGlobalSection
EndGlobal
