
Microsoft Visual Studio Solution File, Format Version 12.00
# Visual Studio Version 16
VisualStudioVersion = 16.0.29926.136
MinimumVisualStudioVersion = 10.0.40219.1
Project("{FAE04EC0-301F-11D3-BF4B-00C04F79EFBC}") = "Exercise1", "Exercise1\Exercise1.csproj", "{764756C9-6581-46CF-811C-61333ABB47C3}"
EndProject
Global
	GlobalSection(SolutionConfigurationPlatforms) = preSolution
		Debug|Any CPU = Debug|Any CPU
		Release|Any CPU = Release|Any CPU
	EndGlobalSection
	GlobalSection(ProjectConfigurationPlatforms) = postSolution
		{764756C9-6581-46CF-811C-61333ABB47C3}.Debug|Any CPU.ActiveCfg = Debug|Any CPU
		{764756C9-6581-46CF-811C-61333ABB47C3}.Debug|Any CPU.Build.0 = Debug|Any CPU
		{764756C9-6581-46CF-811C-61333ABB47C3}.Release|Any CPU.ActiveCfg = Release|Any CPU
		{764756C9-6581-46CF-811C-61333ABB47C3}.Release|Any CPU.Build.0 = Release|Any CPU
	EndGlobalSection
	GlobalSection(SolutionProperties) = preSolution
		HideSolutionNode = FALSE
	EndGlobalSection
	GlobalSection(ExtensibilityGlobals) = postSolution
		SolutionGuid = {406CE3AA-7A8D-417E-84C7-DE790C864BEC}
	EndGlobalSection
EndGlobal
